// !$*UTF8*$!
{
	archiveVersion = 1;
	classes = {
	};
	objectVersion = 56;
	objects = {

/* Begin PBXBuildFile section */
		6A12F4FF2C22E39E0084EA7C /* Jura.ttf in Resources */ = {isa = PBXBuildFile; fileRef = 6A12F4FE2C22E39E0084EA7C /* Jura.ttf */; };
		6A12F5012C22FA490084EA7C /* GamePlayView.swift in Sources */ = {isa = PBXBuildFile; fileRef = 6A12F5002C22FA490084EA7C /* GamePlayView.swift */; };
		6A12F5052C22FE480084EA7C /* GameSceneView.swift in Sources */ = {isa = PBXBuildFile; fileRef = 6A12F5042C22FE480084EA7C /* GameSceneView.swift */; };
		6A12F5232C2367E20084EA7C /* DialogueScene.swift in Sources */ = {isa = PBXBuildFile; fileRef = 6A12F5222C2367E20084EA7C /* DialogueScene.swift */; };
		6A12F5252C2367EC0084EA7C /* WalkScene.swift in Sources */ = {isa = PBXBuildFile; fileRef = 6A12F5242C2367EC0084EA7C /* WalkScene.swift */; };
		6A12F5272C2367FA0084EA7C /* LockerScene.swift in Sources */ = {isa = PBXBuildFile; fileRef = 6A12F5262C2367FA0084EA7C /* LockerScene.swift */; };
		6A12F5292C2450BD0084EA7C /* EmptyScene.swift in Sources */ = {isa = PBXBuildFile; fileRef = 6A12F5282C2450BD0084EA7C /* EmptyScene.swift */; };
		6A356AA22C2C402800879CE3 /* glitch.mov in Resources */ = {isa = PBXBuildFile; fileRef = 6A356AA12C2C402800879CE3 /* glitch.mov */; };
		6A464C4A2C1C572C0051C3C7 /* TSOSApp.swift in Sources */ = {isa = PBXBuildFile; fileRef = 6A464C492C1C572C0051C3C7 /* TSOSApp.swift */; };
		6A464C4C2C1C572C0051C3C7 /* ContentView.swift in Sources */ = {isa = PBXBuildFile; fileRef = 6A464C4B2C1C572C0051C3C7 /* ContentView.swift */; };
		6A464C4E2C1C572E0051C3C7 /* Assets.xcassets in Resources */ = {isa = PBXBuildFile; fileRef = 6A464C4D2C1C572E0051C3C7 /* Assets.xcassets */; };
		6A464C512C1C572E0051C3C7 /* Preview Assets.xcassets in Resources */ = {isa = PBXBuildFile; fileRef = 6A464C502C1C572E0051C3C7 /* Preview Assets.xcassets */; };
		6A464C582C1C58090051C3C7 /* StartScreenView.swift in Sources */ = {isa = PBXBuildFile; fileRef = 6A464C572C1C58090051C3C7 /* StartScreenView.swift */; };
		6A464C602C1C5C6F0051C3C7 /* horroroid.ttf in Resources */ = {isa = PBXBuildFile; fileRef = 6A464C5F2C1C5C6F0051C3C7 /* horroroid.ttf */; };
		6A464C622C1C72750051C3C7 /* PressStart2P-Regular.ttf in Resources */ = {isa = PBXBuildFile; fileRef = 6A464C612C1C72750051C3C7 /* PressStart2P-Regular.ttf */; };
		6A464C662C1CEF420051C3C7 /* WarningView.swift in Sources */ = {isa = PBXBuildFile; fileRef = 6A464C652C1CEF420051C3C7 /* WarningView.swift */; };
		6A464C6C2C1D14700051C3C7 /* RecommendView.swift in Sources */ = {isa = PBXBuildFile; fileRef = 6A464C6B2C1D14700051C3C7 /* RecommendView.swift */; };
		7364B81E2C278FCB00B7C807 /* ScreamMiniGame.swift in Sources */ = {isa = PBXBuildFile; fileRef = 7364B81D2C278FCB00B7C807 /* ScreamMiniGame.swift */; };
		7364B8202C27A0FC00B7C807 /* DoorMiniGame.swift in Sources */ = {isa = PBXBuildFile; fileRef = 7364B81F2C27A0FC00B7C807 /* DoorMiniGame.swift */; };
		C1846C142C2305C300D66E86 /* GameBreath.swift in Sources */ = {isa = PBXBuildFile; fileRef = C1846C132C2305C300D66E86 /* GameBreath.swift */; };
		C1846C162C24572000D66E86 /* GameOverBreath.swift in Sources */ = {isa = PBXBuildFile; fileRef = C1846C152C24572000D66E86 /* GameOverBreath.swift */; };
		C1F1680F2C2C41B200A7D4CE /* DarkDistance.ttf in Resources */ = {isa = PBXBuildFile; fileRef = C1F1680E2C2C41B200A7D4CE /* DarkDistance.ttf */; };
/* End PBXBuildFile section */

/* Begin PBXFileReference section */
		6A12F4FE2C22E39E0084EA7C /* Jura.ttf */ = {isa = PBXFileReference; lastKnownFileType = file; path = Jura.ttf; sourceTree = "<group>"; };
		6A12F5002C22FA490084EA7C /* GamePlayView.swift */ = {isa = PBXFileReference; lastKnownFileType = sourcecode.swift; path = GamePlayView.swift; sourceTree = "<group>"; };
		6A12F5042C22FE480084EA7C /* GameSceneView.swift */ = {isa = PBXFileReference; lastKnownFileType = sourcecode.swift; path = GameSceneView.swift; sourceTree = "<group>"; };
		6A12F5222C2367E20084EA7C /* DialogueScene.swift */ = {isa = PBXFileReference; lastKnownFileType = sourcecode.swift; path = DialogueScene.swift; sourceTree = "<group>"; };
		6A12F5242C2367EC0084EA7C /* WalkScene.swift */ = {isa = PBXFileReference; lastKnownFileType = sourcecode.swift; path = WalkScene.swift; sourceTree = "<group>"; };
		6A12F5262C2367FA0084EA7C /* LockerScene.swift */ = {isa = PBXFileReference; lastKnownFileType = sourcecode.swift; path = LockerScene.swift; sourceTree = "<group>"; };
		6A12F5282C2450BD0084EA7C /* EmptyScene.swift */ = {isa = PBXFileReference; lastKnownFileType = sourcecode.swift; path = EmptyScene.swift; sourceTree = "<group>"; };
		6A356AA12C2C402800879CE3 /* glitch.mov */ = {isa = PBXFileReference; lastKnownFileType = video.quicktime; path = glitch.mov; sourceTree = "<group>"; };
		6A464C462C1C572C0051C3C7 /* TSOS.app */ = {isa = PBXFileReference; explicitFileType = wrapper.application; includeInIndex = 0; path = TSOS.app; sourceTree = BUILT_PRODUCTS_DIR; };
		6A464C492C1C572C0051C3C7 /* TSOSApp.swift */ = {isa = PBXFileReference; lastKnownFileType = sourcecode.swift; path = TSOSApp.swift; sourceTree = "<group>"; };
		6A464C4B2C1C572C0051C3C7 /* ContentView.swift */ = {isa = PBXFileReference; lastKnownFileType = sourcecode.swift; path = ContentView.swift; sourceTree = "<group>"; };
		6A464C4D2C1C572E0051C3C7 /* Assets.xcassets */ = {isa = PBXFileReference; lastKnownFileType = folder.assetcatalog; path = Assets.xcassets; sourceTree = "<group>"; };
		6A464C502C1C572E0051C3C7 /* Preview Assets.xcassets */ = {isa = PBXFileReference; lastKnownFileType = folder.assetcatalog; path = "Preview Assets.xcassets"; sourceTree = "<group>"; };
		6A464C572C1C58090051C3C7 /* StartScreenView.swift */ = {isa = PBXFileReference; lastKnownFileType = sourcecode.swift; path = StartScreenView.swift; sourceTree = "<group>"; };
		6A464C5A2C1C5A1D0051C3C7 /* Info.plist */ = {isa = PBXFileReference; lastKnownFileType = text.plist; path = Info.plist; sourceTree = "<group>"; };
		6A464C5F2C1C5C6F0051C3C7 /* horroroid.ttf */ = {isa = PBXFileReference; lastKnownFileType = file; path = horroroid.ttf; sourceTree = "<group>"; };
		6A464C612C1C72750051C3C7 /* PressStart2P-Regular.ttf */ = {isa = PBXFileReference; lastKnownFileType = file; path = "PressStart2P-Regular.ttf"; sourceTree = "<group>"; };
		6A464C652C1CEF420051C3C7 /* WarningView.swift */ = {isa = PBXFileReference; lastKnownFileType = sourcecode.swift; path = WarningView.swift; sourceTree = "<group>"; };
		6A464C6B2C1D14700051C3C7 /* RecommendView.swift */ = {isa = PBXFileReference; lastKnownFileType = sourcecode.swift; path = RecommendView.swift; sourceTree = "<group>"; };
		7364B81D2C278FCB00B7C807 /* ScreamMiniGame.swift */ = {isa = PBXFileReference; lastKnownFileType = sourcecode.swift; path = ScreamMiniGame.swift; sourceTree = "<group>"; };
		7364B81F2C27A0FC00B7C807 /* DoorMiniGame.swift */ = {isa = PBXFileReference; lastKnownFileType = sourcecode.swift; path = DoorMiniGame.swift; sourceTree = "<group>"; };
		C1846C112C2300BF00D66E86 /* DarkDistance.ttf */ = {isa = PBXFileReference; lastKnownFileType = file; name = DarkDistance.ttf; path = ../../../../../../Downloads/dark_distance/DarkDistance.ttf; sourceTree = "<group>"; };
		C1846C132C2305C300D66E86 /* GameBreath.swift */ = {isa = PBXFileReference; lastKnownFileType = sourcecode.swift; path = GameBreath.swift; sourceTree = "<group>"; };
		C1846C152C24572000D66E86 /* GameOverBreath.swift */ = {isa = PBXFileReference; lastKnownFileType = sourcecode.swift; path = GameOverBreath.swift; sourceTree = "<group>"; };
		C1F1680E2C2C41B200A7D4CE /* DarkDistance.ttf */ = {isa = PBXFileReference; lastKnownFileType = file; path = DarkDistance.ttf; sourceTree = "<group>"; };
/* End PBXFileReference section */

/* Begin PBXFrameworksBuildPhase section */
		6A464C432C1C572C0051C3C7 /* Frameworks */ = {
			isa = PBXFrameworksBuildPhase;
			buildActionMask = 2147483647;
			files = (
			);
			runOnlyForDeploymentPostprocessing = 0;
		};
/* End PBXFrameworksBuildPhase section */

/* Begin PBXGroup section */
		6A464C3D2C1C572C0051C3C7 = {
			isa = PBXGroup;
			children = (
				6A464C482C1C572C0051C3C7 /* TSOS */,
				6A464C472C1C572C0051C3C7 /* Products */,
				C1F167E02C2B0EF200A7D4CE /* Recovered References */,
			);
			sourceTree = "<group>";
		};
		6A464C472C1C572C0051C3C7 /* Products */ = {
			isa = PBXGroup;
			children = (
				6A464C462C1C572C0051C3C7 /* TSOS.app */,
			);
			name = Products;
			sourceTree = "<group>";
		};
		6A464C482C1C572C0051C3C7 /* TSOS */ = {
			isa = PBXGroup;
			children = (
				6A464C5A2C1C5A1D0051C3C7 /* Info.plist */,
				6A464C492C1C572C0051C3C7 /* TSOSApp.swift */,
				6A464C4B2C1C572C0051C3C7 /* ContentView.swift */,
				C1F168102C2C433400A7D4CE /* MG - Breath */,
				6A464C572C1C58090051C3C7 /* StartScreenView.swift */,
				6A12F5042C22FE480084EA7C /* GameSceneView.swift */,
				6A12F5282C2450BD0084EA7C /* EmptyScene.swift */,
				6A464C652C1CEF420051C3C7 /* WarningView.swift */,
				6A12F5002C22FA490084EA7C /* GamePlayView.swift */,
				6A464C6B2C1D14700051C3C7 /* RecommendView.swift */,
				6A12F5262C2367FA0084EA7C /* LockerScene.swift */,
				6A12F5242C2367EC0084EA7C /* WalkScene.swift */,
				6A12F5222C2367E20084EA7C /* DialogueScene.swift */,
				7364B81D2C278FCB00B7C807 /* ScreamMiniGame.swift */,
				7364B81F2C27A0FC00B7C807 /* DoorMiniGame.swift */,
				6A464C4D2C1C572E0051C3C7 /* Assets.xcassets */,
				6A356AA12C2C402800879CE3 /* glitch.mov */,
				6A12F4FC2C2255660084EA7C /* Dark Distance.ttf */,
				6A464C5F2C1C5C6F0051C3C7 /* horroroid.ttf */,
				6A12F4FE2C22E39E0084EA7C /* Jura.ttf */,
				6A464C612C1C72750051C3C7 /* PressStart2P-Regular.ttf */,
				6A464C4F2C1C572E0051C3C7 /* Preview Content */,
			);
			path = TSOS;
			sourceTree = "<group>";
		};
		6A464C4F2C1C572E0051C3C7 /* Preview Content */ = {
			isa = PBXGroup;
			children = (
				6A464C502C1C572E0051C3C7 /* Preview Assets.xcassets */,
			);
			path = "Preview Content";
			sourceTree = "<group>";
		};
		C1F167E02C2B0EF200A7D4CE /* Recovered References */ = {
			isa = PBXGroup;
			children = (
				C1846C112C2300BF00D66E86 /* DarkDistance.ttf */,
			);
			name = "Recovered References";
			sourceTree = "<group>";
		};
		C1F168102C2C433400A7D4CE /* MG - Breath */ = {
			isa = PBXGroup;
			children = (
				C1846C132C2305C300D66E86 /* GameBreath.swift */,
				C1846C152C24572000D66E86 /* GameOverBreath.swift */,
			);
			path = "MG - Breath";
			sourceTree = "<group>";
		};
/* End PBXGroup section */

/* Begin PBXNativeTarget section */
		6A464C452C1C572C0051C3C7 /* TSOS */ = {
			isa = PBXNativeTarget;
			buildConfigurationList = 6A464C542C1C572E0051C3C7 /* Build configuration list for PBXNativeTarget "TSOS" */;
			buildPhases = (
				6A464C422C1C572C0051C3C7 /* Sources */,
				6A464C432C1C572C0051C3C7 /* Frameworks */,
				6A464C442C1C572C0051C3C7 /* Resources */,
			);
			buildRules = (
			);
			dependencies = (
			);
			name = TSOS;
			productName = TSOS;
			productReference = 6A464C462C1C572C0051C3C7 /* TSOS.app */;
			productType = "com.apple.product-type.application";
		};
/* End PBXNativeTarget section */

/* Begin PBXProject section */
		6A464C3E2C1C572C0051C3C7 /* Project object */ = {
			isa = PBXProject;
			attributes = {
				BuildIndependentTargetsInParallel = 1;
				LastSwiftUpdateCheck = 1520;
				LastUpgradeCheck = 1520;
				TargetAttributes = {
					6A464C452C1C572C0051C3C7 = {
						CreatedOnToolsVersion = 15.2;
					};
				};
			};
			buildConfigurationList = 6A464C412C1C572C0051C3C7 /* Build configuration list for PBXProject "TSOS" */;
			compatibilityVersion = "Xcode 14.0";
			developmentRegion = en;
			hasScannedForEncodings = 0;
			knownRegions = (
				en,
				Base,
			);
			mainGroup = 6A464C3D2C1C572C0051C3C7;
			productRefGroup = 6A464C472C1C572C0051C3C7 /* Products */;
			projectDirPath = "";
			projectRoot = "";
			targets = (
				6A464C452C1C572C0051C3C7 /* TSOS */,
			);
		};
/* End PBXProject section */

/* Begin PBXResourcesBuildPhase section */
		6A464C442C1C572C0051C3C7 /* Resources */ = {
			isa = PBXResourcesBuildPhase;
			buildActionMask = 2147483647;
			files = (
				6A12F4FF2C22E39E0084EA7C /* Jura.ttf in Resources */,
				6A464C512C1C572E0051C3C7 /* Preview Assets.xcassets in Resources */,
				6A464C622C1C72750051C3C7 /* PressStart2P-Regular.ttf in Resources */,
				6A464C602C1C5C6F0051C3C7 /* horroroid.ttf in Resources */,
				C1F1680F2C2C41B200A7D4CE /* DarkDistance.ttf in Resources */,
				6A464C4E2C1C572E0051C3C7 /* Assets.xcassets in Resources */,
				6A356AA22C2C402800879CE3 /* glitch.mov in Resources */,
			);
			runOnlyForDeploymentPostprocessing = 0;
		};
/* End PBXResourcesBuildPhase section */

/* Begin PBXSourcesBuildPhase section */
		6A464C422C1C572C0051C3C7 /* Sources */ = {
			isa = PBXSourcesBuildPhase;
			buildActionMask = 2147483647;
			files = (
				6A464C582C1C58090051C3C7 /* StartScreenView.swift in Sources */,
				C1846C162C24572000D66E86 /* GameOverBreath.swift in Sources */,
				6A12F5252C2367EC0084EA7C /* WalkScene.swift in Sources */,
				7364B81E2C278FCB00B7C807 /* ScreamMiniGame.swift in Sources */,
				6A464C6C2C1D14700051C3C7 /* RecommendView.swift in Sources */,
				6A12F5052C22FE480084EA7C /* GameSceneView.swift in Sources */,
				6A464C662C1CEF420051C3C7 /* WarningView.swift in Sources */,
				6A12F5012C22FA490084EA7C /* GamePlayView.swift in Sources */,
				6A12F5272C2367FA0084EA7C /* LockerScene.swift in Sources */,
				6A464C4C2C1C572C0051C3C7 /* ContentView.swift in Sources */,
				C1846C142C2305C300D66E86 /* GameBreath.swift in Sources */,
				6A12F5292C2450BD0084EA7C /* EmptyScene.swift in Sources */,
				6A12F5232C2367E20084EA7C /* DialogueScene.swift in Sources */,
				7364B8202C27A0FC00B7C807 /* DoorMiniGame.swift in Sources */,
				6A464C4A2C1C572C0051C3C7 /* TSOSApp.swift in Sources */,
			);
			runOnlyForDeploymentPostprocessing = 0;
		};
/* End PBXSourcesBuildPhase section */

/* Begin XCBuildConfiguration section */
		6A464C522C1C572E0051C3C7 /* Debug */ = {
			isa = XCBuildConfiguration;
			buildSettings = {
				ALWAYS_SEARCH_USER_PATHS = NO;
				ASSETCATALOG_COMPILER_GENERATE_SWIFT_ASSET_SYMBOL_EXTENSIONS = YES;
				CLANG_ANALYZER_NONNULL = YES;
				CLANG_ANALYZER_NUMBER_OBJECT_CONVERSION = YES_AGGRESSIVE;
				CLANG_CXX_LANGUAGE_STANDARD = "gnu++20";
				CLANG_ENABLE_MODULES = YES;
				CLANG_ENABLE_OBJC_ARC = YES;
				CLANG_ENABLE_OBJC_WEAK = YES;
				CLANG_WARN_BLOCK_CAPTURE_AUTORELEASING = YES;
				CLANG_WARN_BOOL_CONVERSION = YES;
				CLANG_WARN_COMMA = YES;
				CLANG_WARN_CONSTANT_CONVERSION = YES;
				CLANG_WARN_DEPRECATED_OBJC_IMPLEMENTATIONS = YES;
				CLANG_WARN_DIRECT_OBJC_ISA_USAGE = YES_ERROR;
				CLANG_WARN_DOCUMENTATION_COMMENTS = YES;
				CLANG_WARN_EMPTY_BODY = YES;
				CLANG_WARN_ENUM_CONVERSION = YES;
				CLANG_WARN_INFINITE_RECURSION = YES;
				CLANG_WARN_INT_CONVERSION = YES;
				CLANG_WARN_NON_LITERAL_NULL_CONVERSION = YES;
				CLANG_WARN_OBJC_IMPLICIT_RETAIN_SELF = YES;
				CLANG_WARN_OBJC_LITERAL_CONVERSION = YES;
				CLANG_WARN_OBJC_ROOT_CLASS = YES_ERROR;
				CLANG_WARN_QUOTED_INCLUDE_IN_FRAMEWORK_HEADER = YES;
				CLANG_WARN_RANGE_LOOP_ANALYSIS = YES;
				CLANG_WARN_STRICT_PROTOTYPES = YES;
				CLANG_WARN_SUSPICIOUS_MOVE = YES;
				CLANG_WARN_UNGUARDED_AVAILABILITY = YES_AGGRESSIVE;
				CLANG_WARN_UNREACHABLE_CODE = YES;
				CLANG_WARN__DUPLICATE_METHOD_MATCH = YES;
				COPY_PHASE_STRIP = NO;
				DEBUG_INFORMATION_FORMAT = dwarf;
				ENABLE_STRICT_OBJC_MSGSEND = YES;
				ENABLE_TESTABILITY = YES;
				ENABLE_USER_SCRIPT_SANDBOXING = YES;
				GCC_C_LANGUAGE_STANDARD = gnu17;
				GCC_DYNAMIC_NO_PIC = NO;
				GCC_NO_COMMON_BLOCKS = YES;
				GCC_OPTIMIZATION_LEVEL = 0;
				GCC_PREPROCESSOR_DEFINITIONS = (
					"DEBUG=1",
					"$(inherited)",
				);
				GCC_WARN_64_TO_32_BIT_CONVERSION = YES;
				GCC_WARN_ABOUT_RETURN_TYPE = YES_ERROR;
				GCC_WARN_UNDECLARED_SELECTOR = YES;
				GCC_WARN_UNINITIALIZED_AUTOS = YES_AGGRESSIVE;
				GCC_WARN_UNUSED_FUNCTION = YES;
				GCC_WARN_UNUSED_VARIABLE = YES;
				IPHONEOS_DEPLOYMENT_TARGET = 17.2;
				LOCALIZATION_PREFERS_STRING_CATALOGS = YES;
				MTL_ENABLE_DEBUG_INFO = INCLUDE_SOURCE;
				MTL_FAST_MATH = YES;
				ONLY_ACTIVE_ARCH = YES;
				SDKROOT = iphoneos;
				SWIFT_ACTIVE_COMPILATION_CONDITIONS = "DEBUG $(inherited)";
				SWIFT_OPTIMIZATION_LEVEL = "-Onone";
			};
			name = Debug;
		};
		6A464C532C1C572E0051C3C7 /* Release */ = {
			isa = XCBuildConfiguration;
			buildSettings = {
				ALWAYS_SEARCH_USER_PATHS = NO;
				ASSETCATALOG_COMPILER_GENERATE_SWIFT_ASSET_SYMBOL_EXTENSIONS = YES;
				CLANG_ANALYZER_NONNULL = YES;
				CLANG_ANALYZER_NUMBER_OBJECT_CONVERSION = YES_AGGRESSIVE;
				CLANG_CXX_LANGUAGE_STANDARD = "gnu++20";
				CLANG_ENABLE_MODULES = YES;
				CLANG_ENABLE_OBJC_ARC = YES;
				CLANG_ENABLE_OBJC_WEAK = YES;
				CLANG_WARN_BLOCK_CAPTURE_AUTORELEASING = YES;
				CLANG_WARN_BOOL_CONVERSION = YES;
				CLANG_WARN_COMMA = YES;
				CLANG_WARN_CONSTANT_CONVERSION = YES;
				CLANG_WARN_DEPRECATED_OBJC_IMPLEMENTATIONS = YES;
				CLANG_WARN_DIRECT_OBJC_ISA_USAGE = YES_ERROR;
				CLANG_WARN_DOCUMENTATION_COMMENTS = YES;
				CLANG_WARN_EMPTY_BODY = YES;
				CLANG_WARN_ENUM_CONVERSION = YES;
				CLANG_WARN_INFINITE_RECURSION = YES;
				CLANG_WARN_INT_CONVERSION = YES;
				CLANG_WARN_NON_LITERAL_NULL_CONVERSION = YES;
				CLANG_WARN_OBJC_IMPLICIT_RETAIN_SELF = YES;
				CLANG_WARN_OBJC_LITERAL_CONVERSION = YES;
				CLANG_WARN_OBJC_ROOT_CLASS = YES_ERROR;
				CLANG_WARN_QUOTED_INCLUDE_IN_FRAMEWORK_HEADER = YES;
				CLANG_WARN_RANGE_LOOP_ANALYSIS = YES;
				CLANG_WARN_STRICT_PROTOTYPES = YES;
				CLANG_WARN_SUSPICIOUS_MOVE = YES;
				CLANG_WARN_UNGUARDED_AVAILABILITY = YES_AGGRESSIVE;
				CLANG_WARN_UNREACHABLE_CODE = YES;
				CLANG_WARN__DUPLICATE_METHOD_MATCH = YES;
				COPY_PHASE_STRIP = NO;
				DEBUG_INFORMATION_FORMAT = "dwarf-with-dsym";
				ENABLE_NS_ASSERTIONS = NO;
				ENABLE_STRICT_OBJC_MSGSEND = YES;
				ENABLE_USER_SCRIPT_SANDBOXING = YES;
				GCC_C_LANGUAGE_STANDARD = gnu17;
				GCC_NO_COMMON_BLOCKS = YES;
				GCC_WARN_64_TO_32_BIT_CONVERSION = YES;
				GCC_WARN_ABOUT_RETURN_TYPE = YES_ERROR;
				GCC_WARN_UNDECLARED_SELECTOR = YES;
				GCC_WARN_UNINITIALIZED_AUTOS = YES_AGGRESSIVE;
				GCC_WARN_UNUSED_FUNCTION = YES;
				GCC_WARN_UNUSED_VARIABLE = YES;
				IPHONEOS_DEPLOYMENT_TARGET = 17.2;
				LOCALIZATION_PREFERS_STRING_CATALOGS = YES;
				MTL_ENABLE_DEBUG_INFO = NO;
				MTL_FAST_MATH = YES;
				SDKROOT = iphoneos;
				SWIFT_COMPILATION_MODE = wholemodule;
				VALIDATE_PRODUCT = YES;
			};
			name = Release;
		};
		6A464C552C1C572E0051C3C7 /* Debug */ = {
			isa = XCBuildConfiguration;
			buildSettings = {
				ASSETCATALOG_COMPILER_APPICON_NAME = AppIcon;
				ASSETCATALOG_COMPILER_GLOBAL_ACCENT_COLOR_NAME = AccentColor;
				CODE_SIGN_STYLE = Automatic;
				CURRENT_PROJECT_VERSION = 1;
				DEVELOPMENT_ASSET_PATHS = "\"TSOS/Preview Content\"";
				DEVELOPMENT_TEAM = FJ88J69NXX;
				ENABLE_PREVIEWS = YES;
				GENERATE_INFOPLIST_FILE = YES;
				INFOPLIST_FILE = TSOS/Info.plist;
				INFOPLIST_KEY_CFBundleDisplayName = "The Sound Of Silence";
				INFOPLIST_KEY_LSApplicationCategoryType = "public.app-category.games";
				INFOPLIST_KEY_UIApplicationSceneManifest_Generation = YES;
				INFOPLIST_KEY_UIApplicationSupportsIndirectInputEvents = YES;
				INFOPLIST_KEY_UILaunchScreen_Generation = YES;
				INFOPLIST_KEY_UISupportedInterfaceOrientations_iPad = "UIInterfaceOrientationPortrait UIInterfaceOrientationPortraitUpsideDown UIInterfaceOrientationLandscapeLeft UIInterfaceOrientationLandscapeRight";
				INFOPLIST_KEY_UISupportedInterfaceOrientations_iPhone = "UIInterfaceOrientationPortrait UIInterfaceOrientationLandscapeLeft UIInterfaceOrientationLandscapeRight";
				LD_RUNPATH_SEARCH_PATHS = (
					"$(inherited)",
					"@executable_path/Frameworks",
				);
				MARKETING_VERSION = 1.0;
				PRODUCT_BUNDLE_IDENTIFIER = br.ufpe.cin.academy.vbwo.TSOS;
				PRODUCT_NAME = "$(TARGET_NAME)";
				SWIFT_EMIT_LOC_STRINGS = YES;
				SWIFT_VERSION = 5.0;
				TARGETED_DEVICE_FAMILY = "1,2";
			};
			name = Debug;
		};
		6A464C562C1C572E0051C3C7 /* Release */ = {
			isa = XCBuildConfiguration;
			buildSettings = {
				ASSETCATALOG_COMPILER_APPICON_NAME = AppIcon;
				ASSETCATALOG_COMPILER_GLOBAL_ACCENT_COLOR_NAME = AccentColor;
				CODE_SIGN_STYLE = Automatic;
				CURRENT_PROJECT_VERSION = 1;
				DEVELOPMENT_ASSET_PATHS = "\"TSOS/Preview Content\"";
				DEVELOPMENT_TEAM = FJ88J69NXX;
				ENABLE_PREVIEWS = YES;
				GENERATE_INFOPLIST_FILE = YES;
				INFOPLIST_FILE = TSOS/Info.plist;
				INFOPLIST_KEY_CFBundleDisplayName = "The Sound Of Silence";
				INFOPLIST_KEY_LSApplicationCategoryType = "public.app-category.games";
				INFOPLIST_KEY_UIApplicationSceneManifest_Generation = YES;
				INFOPLIST_KEY_UIApplicationSupportsIndirectInputEvents = YES;
				INFOPLIST_KEY_UILaunchScreen_Generation = YES;
				INFOPLIST_KEY_UISupportedInterfaceOrientations_iPad = "UIInterfaceOrientationPortrait UIInterfaceOrientationPortraitUpsideDown UIInterfaceOrientationLandscapeLeft UIInterfaceOrientationLandscapeRight";
				INFOPLIST_KEY_UISupportedInterfaceOrientations_iPhone = "UIInterfaceOrientationPortrait UIInterfaceOrientationLandscapeLeft UIInterfaceOrientationLandscapeRight";
				LD_RUNPATH_SEARCH_PATHS = (
					"$(inherited)",
					"@executable_path/Frameworks",
				);
				MARKETING_VERSION = 1.0;
				PRODUCT_BUNDLE_IDENTIFIER = br.ufpe.cin.academy.vbwo.TSOS;
				PRODUCT_NAME = "$(TARGET_NAME)";
				SWIFT_EMIT_LOC_STRINGS = YES;
				SWIFT_VERSION = 5.0;
				TARGETED_DEVICE_FAMILY = "1,2";
			};
			name = Release;
		};
/* End XCBuildConfiguration section */

/* Begin XCConfigurationList section */
		6A464C412C1C572C0051C3C7 /* Build configuration list for PBXProject "TSOS" */ = {
			isa = XCConfigurationList;
			buildConfigurations = (
				6A464C522C1C572E0051C3C7 /* Debug */,
				6A464C532C1C572E0051C3C7 /* Release */,
			);
			defaultConfigurationIsVisible = 0;
			defaultConfigurationName = Release;
		};
		6A464C542C1C572E0051C3C7 /* Build configuration list for PBXNativeTarget "TSOS" */ = {
			isa = XCConfigurationList;
			buildConfigurations = (
				6A464C552C1C572E0051C3C7 /* Debug */,
				6A464C562C1C572E0051C3C7 /* Release */,
			);
			defaultConfigurationIsVisible = 0;
			defaultConfigurationName = Release;
		};
/* End XCConfigurationList section */
	};
	rootObject = 6A464C3E2C1C572C0051C3C7 /* Project object */;
}
